lockfileVersion: '9.0'

settings:
  autoInstallPeers: true
  excludeLinksFromLockfile: false

importers:
  .:
    dependencies:
      '@base-ui/react':
        specifier: ^1.0.0
        version: 1.5.0(@date-fns/tz@1.4.1)(@types/react@19.2.14)(date-fns@4.1.0)(react-dom@19.2.4(react@19.2.4))(react@19.2.4)
      '@prisma/client':
        specifier: 5.21.1
        version: 5.21.1(prisma@5.21.1)
      '@prisma/internals':
        specifier: 5.21.1
        version: 5.21.1
      '@radix-ui/react-dialog':
        specifier: ^1.1.4
        version: 1.1.16(@types/react-dom@19.2.3(@types/react@19.2.14))(@types/react@19.2.14)(react-dom@19.2.4(react@19.2.4))(react@19.2.4)
      '@radix-ui/react-dropdown-menu':
        specifier: ^2.1.4
        version: 2.1.17(@types/react-dom@19.2.3(@types/react@19.2.14))(@types/react@19.2.14)(react-dom@19.2.4(react@19.2.4))(react@19.2.4)
      '@radix-ui/react-primitive':
        specifier: ^2.0.1
        version: 2.1.5(@types/react-dom@19.2.3(@types/react@19.2.14))(@types/react@19.2.14)(react-dom@19.2.4(react@19.2.4))(react@19.2.4)
      '@radix-ui/react-slot':
        specifier: ^1.1.1
        version: 1.2.5(@types/react@19.2.14)(react@19.2.4)
      '@sentry/nextjs':
        specifier: ^8.38.0
        version: 8.55.2(@opentelemetry/context-async-hooks@1.30.1(@opentelemetry/api@1.9.1))(@opentelemetry/core@2.8.0(@opentelemetry/api@1.9.1))(@opentelemetry/instrumentation@0.214.0(@opentelemetry/api@1.9.1))(@opentelemetry/sdk-trace-base@2.8.0(@opentelemetry/api@1.9.1))(next@15.2.4(@babel/core@7.29.7)(@opentelemetry/api@1.9.1)(react-dom@19.2.4(react@19.2.4))(react@19.2.4))(react@19.2.4)(webpack@5.107.2(postcss@8.5.6))
      '@types/bcryptjs':
        specifier: ^2.4.6
        version: 2.4.6
      '@types/jsonwebtoken':
        specifier: ^9.0.7
        version: 9.0.10
      '@upstash/redis':
        specifier: ^1.34.0
        version: 1.38.0
      '@vercel/analytics':
        specifier: ^1.4.1
        version: 1.6.1(next@15.2.4(@babel/core@7.29.7)(@opentelemetry/api@1.9.1)(react-dom@19.2.4(react@19.2.4))(react@19.2.4))(react@19.2.4)
      bcryptjs:
        specifier: ^2.4.3
        version: 2.4.3
      class-variance-authority:
        specifier: ^0.7.1
        version: 0.7.1
      clsx:
        specifier: ^2.1.1
        version: 2.1.1
      jose:
        specifier: ^5.9.6
        version: 5.10.0
      jsonwebtoken:
        specifier: ^9.0.2
        version: 9.0.3
      lucide-react:
        specifier: ^0.474.0
        version: 0.474.0(react@19.2.4)
      nanoid:
        specifier: ^5.0.7
        version: 5.1.11
      next:
        specifier: 15.2.4
        version: 15.2.4(@babel/core@7.29.7)(@opentelemetry/api@1.9.1)(react-dom@19.2.4(react@19.2.4))(react@19.2.4)
      nodemailer:
        specifier: ^6.9.16
        version: 6.10.1
      prisma:
        specifier: 5.21.1
        version: 5.21.1
      react:
        specifier: ^19
        version: 19.2.4
      react-dom:
        specifier: ^19
        version: 19.2.4(react@19.2.4)
      swr:
        specifier: ^2.3.0
        version: 2.4.1(react@19.2.4)
      tailwind-merge:
        specifier: ^2.5.5
        version: 2.6.1
      tw-animate-css:
        specifier: ^1.2.5
        version: 1.4.0
      zod:
        specifier: ^3.23.8
        version: 3.25.76
    devDependencies:
      '@tailwindcss/postcss':
        specifier: ^4.0.0
        version: 4.2.0
      '@types/node':
        specifier: ^20
        version: 20.19.43
      '@types/nodemailer':
        specifier: ^6.4.17
        version: 6.4.24
      '@types/react':
        specifier: ^19
        version: 19.2.14
      '@types/react-dom':
        specifier: ^19
        version: 19.2.3(@types/react@19.2.14)
      postcss:
        specifier: ^8.5
        version: 8.5.6
      tailwindcss:
        specifier: ^4.0.0
        version: 4.2.0
      typescript:
        specifier: 5.7.3
        version: 5.7.3

packages:
  '@alloc/quick-lru@5.2.0':
    resolution: {integrity: sha512-UrcABB+4bUrFABwbluTIBErXwvbsU/V7TZWfmbgJfbkwiBuziS9gxdODUyuiecfdGQ85jglMW6juS3+z5TsKLw==}
    engines: {node: '>=10'}

  '@base-ui/react@1.5.0':
    resolution: {integrity: sha512-z1gSAlced1yY+iM+mHDEtIkD8UI3Ebs52MuBPxvV6f5hRutk+xvCH/wuB7hDqDzK9JG5FoMz5nhrqtSs1wjt1A==}
    engines: {node: '>=14.0.0'}
    peerDependencies:
      '@date-fns/tz': ^1.2.0
      '@types/react': ^17 || ^18 || ^19
      date-fns: ^4.0.0
      react: ^17 || ^18 || ^19
      react-dom: ^17 || ^18 || ^19
    peerDependenciesMeta:
      '@date-fns/tz':
        optional: true
      '@types/react':
        optional: true
      date-fns:
        optional: true

  '@types/bcryptjs@2.4.6':
    resolution: {integrity: sha512-9xlo6R2qDs5uixm0bcIqCeMCE6HiQsIyel9KQySStiyqNl2tnj2mP3DX1Nf56MD6KzmenNNlBBsy3LJ7gUEQPXQ==}

  bcryptjs@2.4.3':
    resolution: {integrity: sha512-V/Hy/X9Vt7f3BbPJEi8BdVFMByHi+jNXrYkW3huaybV/kQ0KJg0Y6PkEMbn+zeT+i+SiKZ/HMqJGIIt4LZDqNQ==}

  class-variance-authority@0.7.1:
    resolution: {integrity: sha512-Ka+9Trut9olyOHyPkKN/+n8f6oCvZ/sjPy+UkYLN2bsPT8lXEjEEPcKqWHvjBDPnBbnQ/wqarZhfh4mkEwTmKQ==}

  clsx@2.1.1:
    resolution: {integrity: sha512-eYm0QWBtPWgStJvEac2InCP/2vISAwAuVbQYj4Fo6GX7/clJbaukXHSvMewU56io4wJ/IIC+ccPLCnodQrWNwA==}
    engines: {node: '>=6'}

  date-fns@4.1.0:
    resolution: {integrity: sha512-Ukfy4ced6DL0uxVAurfeJ+d6F5DkMvtV4dcg45NOW88ruB1+veND7GeP5+SDN1UcHP2nWJiUo1iNFRJXPvV6A==}
    engines: {node: '>=13'}

  jose@5.10.0:
    resolution: {integrity: sha512-W0lZD7V5nyB8zFjz/wBCCH9JGCeBSnGUMJK1tBv3pEf0o5v+LgvXRLjDJwFMKW55RFXaqiXnhxGX4xGXAImVGA==}

  jsonwebtoken@9.0.3:
    resolution: {integrity: sha512-mh0IagBbjeDe73TYXT65UMd28QUxvSVG+gkSvXi1gzo+Zemoa5AxWAP9CrSJ9CFvtkau5dNxIY39Z//OuxX38Q==}
    engines: {node: '>=12'}

  lucide-react@0.474.0:
    resolution: {integrity: sha512-sSEr2voQ6N08LBW1N/zWNtQbKQGMCYL76K6qTXl5l6c+/D3mlC3B6l7kMkxZCfKP4M0r1K5l6PNWXc7vX3/XKA==}
    peerDependencies:
      react: ^16.5.1 || ^17.0.0 || ^18.0.0 || ^19
      react-dom: ^16.5.1 || ^17.0.0 || ^18.0.0 || ^19

  nanoid@5.1.11:
    resolution: {integrity: sha512-TRH3lJMaU6YOe/+FVa8lX2Pp1GZyMT+u7pfKp7HaJCCadJYcvRfpXr3pDxT4kNkyWd2I2eGKjTIBQfCMLvqA==}
    engines: {node: ^14 || ^16 || >=18}
    hasBin: true

  next@15.2.4:
    resolution: {integrity: sha512-Z11jDMl6K6MgJB56YBXJsAhbCxVLblAXu4X7A2mMzBJW/aPi1M5XMbHa8YxdcXIpDKrmNR3+F3f0PdJGjT2cg==}
    engines: {node: ^18.17.0 || ^19 || >=20}
    hasBin: true
    peerDependencies:
      '@opentelemetry/api': ^1.1.0
      react: ^18.2.0 || ^19
      react-dom: ^18.2.0 || ^19
    peerDependenciesMeta:
      '@opentelemetry/api':
        optional: true

  nodemailer@6.10.1:
    resolution: {integrity: sha512-dj1sK5LFjJL4c3s0/7WKb1t2Wx/aJRKAjH2yqN9mXNJm/cIdZA3piwVu7VRpq+nEbVnhXECLQMXd9RN3+8P6A==}
    engines: {node: '>=6.0.0'}

  postcss@8.5.6:
    resolution: {integrity: sha512-+07Gyw+JeKYnVUJKnXRBPJmsSF6AzN3sN8N/VbE6p4XrEEHlEshE7QKL9kIxEHHwhWXpLFhJNDqkU0L6n4t5Q==}
    engines: {node: ^10 || ^12 || >=14}

  prisma@5.21.1:
    resolution: {integrity: sha512-kHppL+Pg7Ov2Z8c2B5q+ZO6kZfSQJUwQFKdvQY3WFjvtC7V8F8HJDw+UdEF6Z9OMFGwB0H8qd7SV8PNM4YvpA==}
    engines: {node: '>=16.11'}
    hasBin: true

  react@19.2.4:
    resolution: {integrity: sha512-yG8CgDhh1KVaVL2fQaKpvUE/7Pxwmwpj/0YhJXpR8I4TqL9+FqCHhfMEnjGS1VLgJQgvXlKm5dUKs9g37+LSA==}
    engines: {node: '>=0.10.0'}
    peerDependencies:
      react-dom: 19.2.4

  react-dom@19.2.4:
    resolution: {integrity: sha512-V9lc0jf68ktUbLXYS+F3F1qY/OKFB/jjNf/8Ew3BhJUmVYX5nwL4NU1rK7tNsxsXR6F/FPVWKkxzP7XrQzSJw==}
    engines: {node: '>=0.10.0'}
    peerDependencies:
      react: 19.2.4

  swr@2.4.1:
    resolution: {integrity: sha512-xCiCaL8A8F/IM0r4X2qADR97bsBCWGFkPAZaP7Fy9D2qKU+A0PYlYLqnm3J9JwfC/3vqTN9dJr0xT/5+OqQCQ==}
    peerDependencies:
      react: ^16.11 || ^17 || ^18 || ^19

  tailwind-merge@2.6.1:
    resolution: {integrity: sha512-d4gC5LT+Dge+d4jGcP8Swo1mRV5b6/xaWYxj2RvDPxEw8d0CqGj6eW1DwhHdDlWnv0uKHfLU5k/2xI5FVzfSQ==}
    engines: {node: '>=14'}

  tailwindcss@4.2.0:
    resolution: {integrity: sha512-u+W7nJ1i6cjKRhRnLRwU7w+A0xJfIFnPe6pFJN5sQ0gYrFNLBPwPcKC2cXWKFk1Y9pVhS3vvC2rVlmwZpN+I1g==}
    engines: {node: '>=14.21.0'}
    hasBin: true

  tw-animate-css@1.4.0:
    resolution: {integrity: sha512-H3YGQC2pq2pNEBSmjnQvVGOWPsF5zZBKS6jDqJ9Ew6p0YqLpQwx4TU7L4D5yI9T4+QIFKdH5IQcIqPqBENCBA==}

  typescript@5.7.3:
    resolution: {integrity: sha512-84MVkxaI8jCM95Y8P2G0/NMLn6nCNGkB/rule/sQmg5co38VAuvViJAuxqEFYX/xQCUgLE8Djw/0PIjtPkIYEOw==}
    engines: {node: '>=14.6'}
    hasBin: true

  zod@3.23.8:
    resolution: {integrity: sha512-XBx9AXhXktjUqnepgTiE5flcKIYOi7kqMMXexrVA5PwI3F6kVDLx16broken/QCMiPQwibKW+Xaty42eRgipznlA==}

  '@prisma/client@5.21.1':
    resolution: {integrity: sha512-3n+GgbAZYjaS/k0M03yQsQfR1APbr411r74foknnsGpmhNKBG49VuUkxIU6jORgvJPChoD4WC4PqoHImN1FP0w==}
    engines: {node: '>=16.13'}
    peerDependencies:
      prisma: '*'
    peerDependenciesMeta:
      prisma:
        optional: true

  '@prisma/internals@5.21.1':
    resolution: {integrity: sha512-XCjJUUDBwT0ioLrTfUKA/YsVs5gtWtMisxRssGS5tgqVaVzc8XEY01avtYIzyhz8RDLn7QlecTQGHW+5J9+w6Q==}

  '@upstash/redis@1.38.0':
    resolution: {integrity: sha512-wu+dZBptlLy0+MCUEoHmzrY/TnmgDey3+c7EbIGwrLqAvkP8yi5MWZHYGIFtAygmL4Bkz2TdFu+eU0vFPncIcg==}

  '@vercel/analytics@1.6.1':
    resolution: {integrity: sha512-oH9He/bEM+6oKlv3chWuOOcp8Y6fo6/PSro8hEkgCW3pu9/OiCXiUpRUogDh3Fs3LH2sosDrx8CxeOLBEE+afg==}

  '@types/jsonwebtoken@9.0.10':
    resolution: {integrity: sha512-asx5hIG9Qmf/1oStypjanR7iKTv0gXQ1Ov/jfrX6kS/EO0OFni8orbmGCn0672NHR3kXHwpAwR+B368ZGN/2rA==}

  '@types/node@20.19.43':
    resolution: {integrity: sha512-6oYBAi5ikg4Pl+kGsoYtawUMBT2zZMCvPNF7pVLnHZfd1zf38DRiWn/gT01RYCdUqkv7Fhr+C9ot4/tb+2sVvA==}

  '@types/nodemailer@6.4.24':
    resolution: {integrity: sha512-Ww4u0rT9wQNXh4JiQaIwx3QWdcOFXzOjQA2zc+jtFYNmQiT4mIUqcDin51bDFdkzKubFnQCZNK7FIHlPKQ/q9w==}

  '@types/react@19.2.14':
    resolution: {integrity: sha512-ilcTH/UniCkMdtexkoCN0bI7pMcJDvmQFPvuPvmEaYA/NSfFTAgdUSLAoVjaRJm7+6PvcM+q1zYOwS4wTYMF9w==}

  '@types/react-dom@19.2.3':
    resolution: {integrity: sha512-jp2L/eY6fn+KgVVQAOqYItbF0VY/YApe5Mz2F0aykSO8gx31bYCZyvSeYxCHKvzHG5eZjc+zyaS5BrBWya2+kQ==}

  '@tailwindcss/postcss@4.2.0':
    resolution: {integrity: sha512-u6YBacGpOm/ixPfKqfgrJEjMfrYmPD7gEFRoygS/hnQaRtV0VCBdpkx5Ouw9pnaLRwwlgGCuJw8xLpaR0hOrQg==}

  '@base-ui/utils@0.2.9':
    resolution: {integrity: sha512-x/PDDCYzoqPpjrdyb3VcyylTI2IjUXEtYDGi5foh7KsnmNJIIaVwA2GLgDH1dps1GgXiJbA60hM+AyuTfQzIvw==}

  '@date-fns/tz@1.4.1':
    resolution: {integrity: sha512-P5LUNhtbj6YfI3iJjw5EL9eUAG6OitD0W3fWQcpQjDRc/QIsL0tRNuO1PcDvPccWL1fSTXXdE1ds+l95DV/OFA==}

  '@radix-ui/primitive@1.1.4':
    resolution: {integrity: sha512-7AdCK9PQyiljKoBDbN8OuctCbd/esdwZPQ8RtOE3SsyQtUpiPb+ND75q0jEhC1m1ecBI0MFNeLJvwIh9iKHRcQ==}

  '@radix-ui/react-dialog@1.1.16':
    resolution: {integrity: sha512-l9ok83YBclEZhbjgzt76Hw733e6cvRKPNgO6GJ/IETlufXG9p+fRu2wlvpImQvR6xdJ8h7J8J2DBvsPEiEsKMw==}

  '@radix-ui/react-dropdown-menu@2.1.17':
    resolution: {integrity: sha512-S6b3Jm57sY5EdDyOMLkacbB0qMnKhy1RCKZCt795ZkmtUOAvojYIZ5p7dXHIh5Cyr3jCLLI5/g64V3FKLudZmw==}

  '@radix-ui/react-primitive@2.1.5':
    resolution: {integrity: sha512-zifXeB8Y88qCYx8PLZ5oQb32KwZub+s925mMoZsBBq9KUQqWKkREubTfs6ASjRPPBe7Jt9O8OHH89+95VG+grA==}

  '@radix-ui/react-slot@1.2.5':
    resolution: {integrity: sha512-rCMO3QsIVKv5JTY5CVbo2MvO77SpEqqYc8AvRE7OWqRDOIqAKjsp+DrmnY9uc8NPdxB5E2z47HTYGeE2+NTptg==}

  '@sentry/nextjs@8.55.2':
    resolution: {integrity: sha512-yZnRh4QKiy3IyZKprVQE29Zxu/SKSTBQRQM9x+9LYwIzT+3cSfC1h6t96QiKnKFaah9ct48ghJRk9IHibw/NKw==}
