lockfileVersion: '9.0'

settings:
  autoInstallPeers: true
  excludeLinksFromLockfile: false

importers:

  .:
    dependencies:
      '@base-ui/react':
        specifier: ^1.0.0
        version: 1.5.0(@date-fns/tz@1.4.1)(@types/react@19.2.14)(date-fns@4.1.0)(react-dom@19.2.4(react@19.2.4))(react@19.2.4)
      '@prisma/client':
        specifier: 5.21.1
        version: 5.21.1(prisma@5.21.1)
      '@prisma/internals':
        specifier: 5.21.1
        version: 5.21.1
      '@radix-ui/react-dialog':
        specifier: ^1.1.4
        version: 1.1.16(@types/react-dom@19.2.3(@types/react@19.2.14))(@types/react@19.2.14)(react-dom@19.2.4(react@19.2.4))(react@19.2.4)
      '@radix-ui/react-dropdown-menu':
        specifier: ^2.1.4
        version: 2.1.17(@types/react-dom@19.2.3(@types/react@19.2.14))(@types/react@19.2.14)(react-dom@19.2.4(react@19.2.4))(react@19.2.4)
      '@radix-ui/react-primitive':
        specifier: ^2.0.1
        version: 2.1.5(@types/react-dom@19.2.3(@types/react@19.2.14))(@types/react@19.2.14)(react-dom@19.2.4(react@19.2.4))(react@19.2.4)
      '@radix-ui/react-slot':
        specifier: ^1.1.1
        version: 1.2.5(@types/react@19.2.14)(react@19.2.4)
      '@sentry/nextjs':
        specifier: ^8.38.0
        version: 8.55.2(@opentelemetry/context-async-hooks@1.30.1(@opentelemetry/api@1.9.1))(@opentelemetry/core@2.8.0(@opentelemetry/api@1.9.1))(@opentelemetry/instrumentation@0.214.0(@opentelemetry/api@1.9.1))(@opentelemetry/sdk-trace-base@2.8.0(@opentelemetry/api@1.9.1))(next@15.2.4(@babel/core@7.29.7)(@opentelemetry/api@1.9.1)(react-dom@19.2.4(react@19.2.4))(react@19.2.4))(react@19.2.4)(webpack@5.107.2(postcss@8.5.6))
      '@types/bcryptjs':
        specifier: ^2.4.6
        version: 2.4.6
      '@types/jsonwebtoken':
        specifier: ^9.0.7
        version: 9.0.10
      '@upstash/redis':
        specifier: ^1.34.0
        version: 1.38.0
      '@vercel/analytics':
        specifier: ^1.4.1
        version: 1.6.1(next@15.2.4(@babel/core@7.29.7)(@opentelemetry/api@1.9.1)(react-dom@19.2.4(react@19.2.4))(react@19.2.4))(react@19.2.4)
      bcryptjs:
        specifier: ^2.4.3
        version: 2.4.3
      class-variance-authority:
        specifier: ^0.7.1
        version: 0.7.1
      clsx:
        specifier: ^2.1.1
        version: 2.1.1
      jose:
        specifier: ^5.9.6
        version: 5.10.0
      jsonwebtoken:
        specifier: ^9.0.2
        version: 9.0.3
      lucide-react:
        specifier: ^0.474.0
        version: 0.474.0(react@19.2.4)
      nanoid:
        specifier: ^5.0.7
        version: 5.1.11
      next:
        specifier: 15.2.4
        version: 15.2.4(@babel/core@7.29.7)(@opentelemetry/api@1.9.1)(react-dom@19.2.4(react@19.2.4))(react@19.2.4)
      nodemailer:
        specifier: ^6.9.16
        version: 6.10.1
      prisma:
        specifier: 5.21.1
        version: 5.21.1
      react:
        specifier: ^19
        version: 19.2.4
      react-dom:
        specifier: ^19
        version: 19.2.4(react@19.2.4)
      swr:
        specifier: ^2.3.0
        version: 2.4.1(react@19.2.4)
      tailwind-merge:
        specifier: ^2.5.5
        version: 2.6.1
      tw-animate-css:
        specifier: ^1.2.5
        version: 1.4.0
      zod:
        specifier: ^3.23.8
        version: 3.25.76
    devDependencies:
      '@tailwindcss/postcss':
        specifier: ^4.0.0
        version: 4.2.0
      '@types/node':
        specifier: ^20
        version: 20.19.43
      '@types/nodemailer':
        specifier: ^6.4.17
        version: 6.4.24
      '@types/react':
        specifier: ^19
        version: 19.2.14
      '@types/react-dom':
        specifier: ^19
        version: 19.2.3(@types/react@19.2.14)
      postcss:
        specifier: ^8.5
        version: 8.5.6
      tailwindcss:
        specifier: ^4.0.0
        version: 4.2.0
      typescript:
        specifier: 5.7.3
        version: 5.7.3

packages: {}
